
Microsoft Visual Studio Solution File, Format Version 12.00
# Visual Studio Version 17
VisualStudioVersion = 17.11.35312.102
MinimumVisualStudioVersion = 10.0.40219.1
Project("{FAE04EC0-301F-11D3-BF4B-00C04F79EFBC}") = "Minihinta.API", "Minihinta.API\Minihinta.API.csproj", "{D302A73F-F564-4F95-A9D4-D7D2BBB16BDF}"
EndProject
Project("{FAE04EC0-301F-11D3-BF4B-00C04F79EFBC}") = "Minihinta.BAL", "Minihinta.BAL\Minihinta.BAL.csproj", "{3A779ABD-68E2-4F65-B533-49876C5F2EED}"
EndProject
Global
	GlobalSection(SolutionConfigurationPlatforms) = preSolution
		Debug|Any CPU = Debug|Any CPU
		Release|Any CPU = Release|Any CPU
	EndGlobalSection
	GlobalSection(ProjectConfigurationPlatforms) = postSolution
		{D302A73F-F564-4F95-A9D4-D7D2BBB16BDF}.Debug|Any CPU.ActiveCfg = Debug|Any CPU
		{D302A73F-F564-4F95-A9D4-D7D2BBB16BDF}.Debug|Any CPU.Build.0 = Debug|Any CPU
		{D302A73F-F564-4F95-A9D4-D7D2BBB16BDF}.Release|Any CPU.ActiveCfg = Release|Any CPU
		{D302A73F-F564-4F95-A9D4-D7D2BBB16BDF}.Release|Any CPU.Build.0 = Release|Any CPU
		{3A779ABD-68E2-4F65-B533-49876C5F2EED}.Debug|Any CPU.ActiveCfg = Debug|Any CPU
		{3A779ABD-68E2-4F65-B533-49876C5F2EED}.Debug|Any CPU.Build.0 = Debug|Any CPU
		{3A779ABD-68E2-4F65-B533-49876C5F2EED}.Release|Any CPU.ActiveCfg = Release|Any CPU
		{3A779ABD-68E2-4F65-B533-49876C5F2EED}.Release|Any CPU.Build.0 = Release|Any CPU
	EndGlobalSection
	GlobalSection(SolutionProperties) = preSolution
		HideSolutionNode = FALSE
	EndGlobalSection
	GlobalSection(ExtensibilityGlobals) = postSolution
		SolutionGuid = {D1A461D2-69FE-4A8C-AF67-2DE69DEC5CA3}
	EndGlobalSection
EndGlobal
